// !$*UTF8*$!
{
	archiveVersion = 1;
	classes = {
	};
	objectVersion = 50;
	objects = {

/* Begin PBXBuildFile section */
		A73800BC2670D04D0055956E /* Cockpit in Resources */ = {isa = PBXBuildFile; fileRef = A73800BB2670D04D0055956E /* Cockpit */; };
		C0A675CC2670C8AF007948EA /* AppDelegate.swift in Sources */ = {isa = PBXBuildFile; fileRef = C0A675CB2670C8AF007948EA /* AppDelegate.swift */; };
		C0A675CE2670C8AF007948EA /* SceneDelegate.swift in Sources */ = {isa = PBXBuildFile; fileRef = C0A675CD2670C8AF007948EA /* SceneDelegate.swift */; };
		C0A675D02670C8AF007948EA /* ViewController.swift in Sources */ = {isa = PBXBuildFile; fileRef = C0A675CF2670C8AF007948EA /* ViewController.swift */; };
		C0A675D32670C8AF007948EA /* Main.storyboard in Resources */ = {isa = PBXBuildFile; fileRef = C0A675D12670C8AF007948EA /* Main.storyboard */; };
		C0A675D52670C8B0007948EA /* Assets.xcassets in Resources */ = {isa = PBXBuildFile; fileRef = C0A675D42670C8B0007948EA /* Assets.xcassets */; };
		C0A675D82670C8B0007948EA /* LaunchScreen.storyboard in Resources */ = {isa = PBXBuildFile; fileRef = C0A675D62670C8B0007948EA /* LaunchScreen.storyboard */; };
		C0A675EA2670CF8B007948EA /* AccessControl.swift in Sources */ = {isa = PBXBuildFile; fileRef = C0A675E92670CF8B007948EA /* AccessControl.swift */; };
/* End PBXBuildFile section */

/* Begin PBXFileReference section */
		A73800BB2670D04D0055956E /* Cockpit */ = {isa = PBXFileReference; lastKnownFileType = folder; name = Cockpit; path = ../../../../.Trash/Cockpit; sourceTree = "<group>"; };
		C0A675C82670C8AF007948EA /* latihanGitDulu.app */ = {isa = PBXFileReference; explicitFileType = wrapper.application; includeInIndex = 0; path = latihanGitDulu.app; sourceTree = BUILT_PRODUCTS_DIR; };
		C0A675CB2670C8AF007948EA /* AppDelegate.swift */ = {isa = PBXFileReference; lastKnownFileType = sourcecode.swift; path = AppDelegate.swift; sourceTree = "<group>"; };
		C0A675CD2670C8AF007948EA /* SceneDelegate.swift */ = {isa = PBXFileReference; lastKnownFileType = sourcecode.swift; path = SceneDelegate.swift; sourceTree = "<group>"; };
		C0A675CF2670C8AF007948EA /* ViewController.swift */ = {isa = PBXFileReference; lastKnownFileType = sourcecode.swift; path = ViewController.swift; sourceTree = "<group>"; };
		C0A675D22670C8AF007948EA /* Base */ = {isa = PBXFileReference; lastKnownFileType = file.storyboard; name = Base; path = Base.lproj/Main.storyboard; sourceTree = "<group>"; };
		C0A675D42670C8B0007948EA /* Assets.xcassets */ = {isa = PBXFileReference; lastKnownFileType = folder.assetcatalog; path = Assets.xcassets; sourceTree = "<group>"; };
		C0A675D72670C8B0007948EA /* Base */ = {isa = PBXFileReference; lastKnownFileType = file.storyboard; name = Base; path = Base.lproj/LaunchScreen.storyboard; sourceTree = "<group>"; };
		C0A675D92670C8B0007948EA /* Info.plist */ = {isa = PBXFileReference; lastKnownFileType = text.plist.xml; path = Info.plist; sourceTree = "<group>"; };
		C0A675E92670CF8B007948EA /* AccessControl.swift */ = {isa = PBXFileReference; fileEncoding = 4; lastKnownFileType = sourcecode.swift; path = AccessControl.swift; sourceTree = "<group>"; };
/* End PBXFileReference section */

/* Begin PBXFrameworksBuildPhase section */
		C0A675C52670C8AF007948EA /* Frameworks */ = {
			isa = PBXFrameworksBuildPhase;
			buildActionMask = 2147483647;
			files = (
			);
			runOnlyForDeploymentPostprocessing = 0;
		};
/* End PBXFrameworksBuildPhase section */

/* Begin PBXGroup section */
		C0A675BF2670C8AF007948EA = {
			isa = PBXGroup;
			children = (
				C0A675CA2670C8AF007948EA /* latihanGitDulu */,
				C0A675C92670C8AF007948EA /* Products */,
			);
			sourceTree = "<group>";
		};
		C0A675C92670C8AF007948EA /* Products */ = {
			isa = PBXGroup;
			children = (
				C0A675C82670C8AF007948EA /* latihanGitDulu.app */,
			);
			name = Products;
			sourceTree = "<group>";
		};
		C0A675CA2670C8AF007948EA /* latihanGitDulu */ = {
			isa = PBXGroup;
			children = (
				C0A675E82670CF8B007948EA /* Access */,
				C0A675CB2670C8AF007948EA /* AppDelegate.swift */,
				C0A675CD2670C8AF007948EA /* SceneDelegate.swift */,
				A73800BB2670D04D0055956E /* Cockpit */,
				C0A675CF2670C8AF007948EA /* ViewController.swift */,
				C0A675D12670C8AF007948EA /* Main.storyboard */,
				C0A675D42670C8B0007948EA /* Assets.xcassets */,
				C0A675D62670C8B0007948EA /* LaunchScreen.storyboard */,
				C0A675D92670C8B0007948EA /* Info.plist */,
			);
			path = latihanGitDulu;
			sourceTree = "<group>";
		};
		C0A675E82670CF8B007948EA /* Access */ = {
			isa = PBXGroup;
			children = (
				C0A675E92670CF8B007948EA /* AccessControl.swift */,
			);
			path = Access;
			sourceTree = "<group>";
		};
/* End PBXGroup section */

/* Begin PBXNativeTarget section */
		C0A675C72670C8AF007948EA /* latihanGitDulu */ = {
			isa = PBXNativeTarget;
			buildConfigurationList = C0A675DC2670C8B0007948EA /* Build configuration list for PBXNativeTarget "latihanGitDulu" */;
			buildPhases = (
				C0A675C42670C8AF007948EA /* Sources */,
				C0A675C52670C8AF007948EA /* Frameworks */,
				C0A675C62670C8AF007948EA /* Resources */,
			);
			buildRules = (
			);
			dependencies = (
			);
			name = latihanGitDulu;
			productName = latihanGitDulu;
			productReference = C0A675C82670C8AF007948EA /* latihanGitDulu.app */;
			productType = "com.apple.product-type.application";
		};
/* End PBXNativeTarget section */

/* Begin PBXProject section */
		C0A675C02670C8AF007948EA /* Project object */ = {
			isa = PBXProject;
			attributes = {
				LastSwiftUpdateCheck = 1250;
				LastUpgradeCheck = 1250;
				TargetAttributes = {
					C0A675C72670C8AF007948EA = {
						CreatedOnToolsVersion = 12.5;
					};
				};
			};
			buildConfigurationList = C0A675C32670C8AF007948EA /* Build configuration list for PBXProject "latihanGitDulu" */;
			compatibilityVersion = "Xcode 9.3";
			developmentRegion = en;
			hasScannedForEncodings = 0;
			knownRegions = (
				en,
				Base,
			);
			mainGroup = C0A675BF2670C8AF007948EA;
			productRefGroup = C0A675C92670C8AF007948EA /* Products */;
			projectDirPath = "";
			projectRoot = "";
			targets = (
				C0A675C72670C8AF007948EA /* latihanGitDulu */,
			);
		};
/* End PBXProject section */

/* Begin PBXResourcesBuildPhase section */
		C0A675C62670C8AF007948EA /* Resources */ = {
			isa = PBXResourcesBuildPhase;
			buildActionMask = 2147483647;
			files = (
				C0A675D82670C8B0007948EA /* LaunchScreen.storyboard in Resources */,
				A73800BC2670D04D0055956E /* Cockpit in Resources */,
				C0A675D52670C8B0007948EA /* Assets.xcassets in Resources */,
				C0A675D32670C8AF007948EA /* Main.storyboard in Resources */,
			);
			runOnlyForDeploymentPostprocessing = 0;
		};
/* End PBXResourcesBuildPhase section */

/* Begin PBXSourcesBuildPhase section */
		C0A675C42670C8AF007948EA /* Sources */ = {
			isa = PBXSourcesBuildPhase;
			buildActionMask = 2147483647;
			files = (
				C0A675D02670C8AF007948EA /* ViewController.swift in Sources */,
				C0A675EA2670CF8B007948EA /* AccessControl.swift in Sources */,
				C0A675CC2670C8AF007948EA /* AppDelegate.swift in Sources */,
				C0A675CE2670C8AF007948EA /* SceneDelegate.swift in Sources */,
			);
			runOnlyForDeploymentPostprocessing = 0;
		};
/* End PBXSourcesBuildPhase section */

/* Begin PBXVariantGroup section */
		C0A675D12670C8AF007948EA /* Main.storyboard */ = {
			isa = PBXVariantGroup;
			children = (
				C0A675D22670C8AF007948EA /* Base */,
			);
			name = Main.storyboard;
			sourceTree = "<group>";
		};
		C0A675D62670C8B0007948EA /* LaunchScreen.storyboard */ = {
			isa = PBXVariantGroup;
			children = (
				C0A675D72670C8B0007948EA /* Base */,
			);
			name = LaunchScreen.storyboard;
			sourceTree = "<group>";
		};
/* End PBXVariantGroup section */

/* Begin XCBuildConfiguration section */
		C0A675DA2670C8B0007948EA /* Debug */ = {
			isa = XCBuildConfiguration;
			buildSettings = {
				ALWAYS_SEARCH_USER_PATHS = NO;
				CLANG_ANALYZER_NONNULL = YES;
				CLANG_ANALYZER_NUMBER_OBJECT_CONVERSION = YES_AGGRESSIVE;
				CLANG_CXX_LANGUAGE_STANDARD = "gnu++14";
				CLANG_CXX_LIBRARY = "libc++";
				CLANG_ENABLE_MODULES = YES;
				CLANG_ENABLE_OBJC_ARC = YES;
				CLANG_ENABLE_OBJC_WEAK = YES;
				CLANG_WARN_BLOCK_CAPTURE_AUTORELEASING = YES;
				CLANG_WARN_BOOL_CONVERSION = YES;
				CLANG_WARN_COMMA = YES;
				CLANG_WARN_CONSTANT_CONVERSION = YES;
				CLANG_WARN_DEPRECATED_OBJC_IMPLEMENTATIONS = YES;
				CLANG_WARN_DIRECT_OBJC_ISA_USAGE = YES_ERROR;
				CLANG_WARN_DOCUMENTATION_COMMENTS = YES;
				CLANG_WARN_EMPTY_BODY = YES;
				CLANG_WARN_ENUM_CONVERSION = YES;
				CLANG_WARN_INFINITE_RECURSION = YES;
				CLANG_WARN_INT_CONVERSION = YES;
				CLANG_WARN_NON_LITERAL_NULL_CONVERSION = YES;
				CLANG_WARN_OBJC_IMPLICIT_RETAIN_SELF = YES;
				CLANG_WARN_OBJC_LITERAL_CONVERSION = YES;
				CLANG_WARN_OBJC_ROOT_CLASS = YES_ERROR;
				CLANG_WARN_QUOTED_INCLUDE_IN_FRAMEWORK_HEADER = YES;
				CLANG_WARN_RANGE_LOOP_ANALYSIS = YES;
				CLANG_WARN_STRICT_PROTOTYPES = YES;
				CLANG_WARN_SUSPICIOUS_MOVE = YES;
				CLANG_WARN_UNGUARDED_AVAILABILITY = YES_AGGRESSIVE;
				CLANG_WARN_UNREACHABLE_CODE = YES;
				CLANG_WARN__DUPLICATE_METHOD_MATCH = YES;
				COPY_PHASE_STRIP = NO;
				DEBUG_INFORMATION_FORMAT = dwarf;
				ENABLE_STRICT_OBJC_MSGSEND = YES;
				ENABLE_TESTABILITY = YES;
				GCC_C_LANGUAGE_STANDARD = gnu11;
				GCC_DYNAMIC_NO_PIC = NO;
				GCC_NO_COMMON_BLOCKS = YES;
				GCC_OPTIMIZATION_LEVEL = 0;
				GCC_PREPROCESSOR_DEFINITIONS = (
					"DEBUG=1",
					"$(inherited)",
				);
				GCC_WARN_64_TO_32_BIT_CONVERSION = YES;
				GCC_WARN_ABOUT_RETURN_TYPE = YES_ERROR;
				GCC_WARN_UNDECLARED_SELECTOR = YES;
				GCC_WARN_UNINITIALIZED_AUTOS = YES_AGGRESSIVE;
				GCC_WARN_UNUSED_FUNCTION = YES;
				GCC_WARN_UNUSED_VARIABLE = YES;
				IPHONEOS_DEPLOYMENT_TARGET = 14.5;
				MTL_ENABLE_DEBUG_INFO = INCLUDE_SOURCE;
				MTL_FAST_MATH = YES;
				ONLY_ACTIVE_ARCH = YES;
				SDKROOT = iphoneos;
				SWIFT_ACTIVE_COMPILATION_CONDITIONS = DEBUG;
				SWIFT_OPTIMIZATION_LEVEL = "-Onone";
			};
			name = Debug;
		};
		C0A675DB2670C8B0007948EA /* Release */ = {
			isa = XCBuildConfiguration;
			buildSettings = {
				ALWAYS_SEARCH_USER_PATHS = NO;
				CLANG_ANALYZER_NONNULL = YES;
				CLANG_ANALYZER_NUMBER_OBJECT_CONVERSION = YES_AGGRESSIVE;
				CLANG_CXX_LANGUAGE_STANDARD = "gnu++14";
				CLANG_CXX_LIBRARY = "libc++";
				CLANG_ENABLE_MODULES = YES;
				CLANG_ENABLE_OBJC_ARC = YES;
				CLANG_ENABLE_OBJC_WEAK = YES;
				CLANG_WARN_BLOCK_CAPTURE_AUTORELEASING = YES;
				CLANG_WARN_BOOL_CONVERSION = YES;
				CLANG_WARN_COMMA = YES;
				CLANG_WARN_CONSTANT_CONVERSION = YES;
				CLANG_WARN_DEPRECATED_OBJC_IMPLEMENTATIONS = YES;
				CLANG_WARN_DIRECT_OBJC_ISA_USAGE = YES_ERROR;
				CLANG_WARN_DOCUMENTATION_COMMENTS = YES;
				CLANG_WARN_EMPTY_BODY = YES;
				CLANG_WARN_ENUM_CONVERSION = YES;
				CLANG_WARN_INFINITE_RECURSION = YES;
				CLANG_WARN_INT_CONVERSION = YES;
				CLANG_WARN_NON_LITERAL_NULL_CONVERSION = YES;
				CLANG_WARN_OBJC_IMPLICIT_RETAIN_SELF = YES;
				CLANG_WARN_OBJC_LITERAL_CONVERSION = YES;
				CLANG_WARN_OBJC_ROOT_CLASS = YES_ERROR;
				CLANG_WARN_QUOTED_INCLUDE_IN_FRAMEWORK_HEADER = YES;
				CLANG_WARN_RANGE_LOOP_ANALYSIS = YES;
				CLANG_WARN_STRICT_PROTOTYPES = YES;
				CLANG_WARN_SUSPICIOUS_MOVE = YES;
				CLANG_WARN_UNGUARDED_AVAILABILITY = YES_AGGRESSIVE;
				CLANG_WARN_UNREACHABLE_CODE = YES;
				CLANG_WARN__DUPLICATE_METHOD_MATCH = YES;
				COPY_PHASE_STRIP = NO;
				DEBUG_INFORMATION_FORMAT = "dwarf-with-dsym";
				ENABLE_NS_ASSERTIONS = NO;
				ENABLE_STRICT_OBJC_MSGSEND = YES;
				GCC_C_LANGUAGE_STANDARD = gnu11;
				GCC_NO_COMMON_BLOCKS = YES;
				GCC_WARN_64_TO_32_BIT_CONVERSION = YES;
				GCC_WARN_ABOUT_RETURN_TYPE = YES_ERROR;
				GCC_WARN_UNDECLARED_SELECTOR = YES;
				GCC_WARN_UNINITIALIZED_AUTOS = YES_AGGRESSIVE;
				GCC_WARN_UNUSED_FUNCTION = YES;
				GCC_WARN_UNUSED_VARIABLE = YES;
				IPHONEOS_DEPLOYMENT_TARGET = 14.5;
				MTL_ENABLE_DEBUG_INFO = NO;
				MTL_FAST_MATH = YES;
				SDKROOT = iphoneos;
				SWIFT_COMPILATION_MODE = wholemodule;
				SWIFT_OPTIMIZATION_LEVEL = "-O";
				VALIDATE_PRODUCT = YES;
			};
			name = Release;
		};
		C0A675DD2670C8B0007948EA /* Debug */ = {
			isa = XCBuildConfiguration;
			buildSettings = {
				ASSETCATALOG_COMPILER_APPICON_NAME = AppIcon;
				ASSETCATALOG_COMPILER_GLOBAL_ACCENT_COLOR_NAME = AccentColor;
				CODE_SIGN_STYLE = Automatic;
				DEVELOPMENT_TEAM = 4QJD99HSU3;
				INFOPLIST_FILE = latihanGitDulu/Info.plist;
				LD_RUNPATH_SEARCH_PATHS = (
					"$(inherited)",
					"@executable_path/Frameworks",
				);
				PRODUCT_BUNDLE_IDENTIFIER = com.AppleDeveloperAcad.azkake.latihanGitDulu;
				PRODUCT_NAME = "$(TARGET_NAME)";
				SWIFT_VERSION = 5.0;
				TARGETED_DEVICE_FAMILY = "1,2";
			};
			name = Debug;
		};
		C0A675DE2670C8B0007948EA /* Release */ = {
			isa = XCBuildConfiguration;
			buildSettings = {
				ASSETCATALOG_COMPILER_APPICON_NAME = AppIcon;
				ASSETCATALOG_COMPILER_GLOBAL_ACCENT_COLOR_NAME = AccentColor;
				CODE_SIGN_STYLE = Automatic;
				DEVELOPMENT_TEAM = 4QJD99HSU3;
				INFOPLIST_FILE = latihanGitDulu/Info.plist;
				LD_RUNPATH_SEARCH_PATHS = (
					"$(inherited)",
					"@executable_path/Frameworks",
				);
				PRODUCT_BUNDLE_IDENTIFIER = com.AppleDeveloperAcad.azkake.latihanGitDulu;
				PRODUCT_NAME = "$(TARGET_NAME)";
				SWIFT_VERSION = 5.0;
				TARGETED_DEVICE_FAMILY = "1,2";
			};
			name = Release;
		};
/* End XCBuildConfiguration section */

/* Begin XCConfigurationList section */
		C0A675C32670C8AF007948EA /* Build configuration list for PBXProject "latihanGitDulu" */ = {
			isa = XCConfigurationList;
			buildConfigurations = (
				C0A675DA2670C8B0007948EA /* Debug */,
				C0A675DB2670C8B0007948EA /* Release */,
			);
			defaultConfigurationIsVisible = 0;
			defaultConfigurationName = Release;
		};
		C0A675DC2670C8B0007948EA /* Build configuration list for PBXNativeTarget "latihanGitDulu" */ = {
			isa = XCConfigurationList;
			buildConfigurations = (
				C0A675DD2670C8B0007948EA /* Debug */,
				C0A675DE2670C8B0007948EA /* Release */,
			);
			defaultConfigurationIsVisible = 0;
			defaultConfigurationName = Release;
		};
/* End XCConfigurationList section */
	};
	rootObject = C0A675C02670C8AF007948EA /* Project object */;
}
